
Microsoft Visual Studio Solution File, Format Version 12.00
# Visual Studio 15
VisualStudioVersion = 15.0.28307.329
MinimumVisualStudioVersion = 10.0.40219.1
Project("{FAE04EC0-301F-11D3-BF4B-00C04F79EFBC}") = "app_cs", "app_cs.csproj", "{43A2EB56-3CBE-4315-BE78-E9932742F1DC}"
EndProject
Global
	GlobalSection(SolutionConfigurationPlatforms) = preSolution
		Debug|x64 = Debug|x64
		Debug|x86 = Debug|x86
		Release|x64 = Release|x64
		Release|x86 = Release|x86
	EndGlobalSection
	GlobalSection(ProjectConfigurationPlatforms) = postSolution
		{43A2EB56-3CBE-4315-BE78-E9932742F1DC}.Debug|x64.ActiveCfg = Debug|x64
		{43A2EB56-3CBE-4315-BE78-E9932742F1DC}.Debug|x64.Build.0 = Debug|x64
		{43A2EB56-3CBE-4315-BE78-E9932742F1DC}.Debug|x86.ActiveCfg = Debug|x86
		{43A2EB56-3CBE-4315-BE78-E9932742F1DC}.Debug|x86.Build.0 = Debug|x86
		{43A2EB56-3CBE-4315-BE78-E9932742F1DC}.Release|x64.ActiveCfg = Release|x64
		{43A2EB56-3CBE-4315-BE78-E9932742F1DC}.Release|x64.Build.0 = Release|x64
		{43A2EB56-3CBE-4315-BE78-E9932742F1DC}.Release|x86.ActiveCfg = Release|x86
		{43A2EB56-3CBE-4315-BE78-E9932742F1DC}.Release|x86.Build.0 = Release|x86
	EndGlobalSection
	GlobalSection(SolutionProperties) = preSolution
		HideSolutionNode = FALSE
	EndGlobalSection
	GlobalSection(ExtensibilityGlobals) = postSolution
		SolutionGuid = {212E300B-8142-4459-82B1-797A0FF38DEE}
	EndGlobalSection
EndGlobal
